
Microsoft Visual Studio Solution File, Format Version 12.00
# Visual Studio 15
VisualStudioVersion = 15.0.27428.2015
MinimumVisualStudioVersion = 10.0.40219.1
Project("{FAE04EC0-301F-11D3-BF4B-00C04F79EFBC}") = "ArduinoBLETemperature.Android", "ArduinoBLETemperature\ArduinoBLETemperature.Android\ArduinoBLETemperature.Android.csproj", "{AA031AC6-C84B-4C2B-AA30-675E5053891B}"
EndProject
Project("{FAE04EC0-301F-11D3-BF4B-00C04F79EFBC}") = "ArduinoBLETemperature.iOS", "ArduinoBLETemperature\ArduinoBLETemperature.iOS\ArduinoBLETemperature.iOS.csproj", "{5DE0BBB3-782A-4393-B90C-0312185DBEC9}"
EndProject
Project("{FAE04EC0-301F-11D3-BF4B-00C04F79EFBC}") = "ArduinoBLETemperature.UWP", "ArduinoBLETemperature\ArduinoBLETemperature.UWP\ArduinoBLETemperature.UWP.csproj", "{706F2A72-701A-4C7D-9290-7B51A05DFC11}"
EndProject
Project("{FAE04EC0-301F-11D3-BF4B-00C04F79EFBC}") = "ArduinoBLETemperature", "ArduinoBLETemperature\ArduinoBLETemperature\ArduinoBLETemperature.csproj", "{549DD834-0022-45FC-B889-54D73A6FF545}"
EndProject
Global
	GlobalSection(SolutionConfigurationPlatforms) = preSolution
		Ad-Hoc|Any CPU = Ad-Hoc|Any CPU
		Ad-Hoc|ARM = Ad-Hoc|ARM
		Ad-Hoc|iPhone = Ad-Hoc|iPhone
		Ad-Hoc|iPhoneSimulator = Ad-Hoc|iPhoneSimulator
		Ad-Hoc|x64 = Ad-Hoc|x64
		Ad-Hoc|x86 = Ad-Hoc|x86
		AppStore|Any CPU = AppStore|Any CPU
		AppStore|ARM = AppStore|ARM
		AppStore|iPhone = AppStore|iPhone
		AppStore|iPhoneSimulator = AppStore|iPhoneSimulator
		AppStore|x64 = AppStore|x64
		AppStore|x86 = AppStore|x86
		Debug|Any CPU = Debug|Any CPU
		Debug|ARM = Debug|ARM
		Debug|iPhone = Debug|iPhone
		Debug|iPhoneSimulator = Debug|iPhoneSimulator
		Debug|x64 = Debug|x64
		Debug|x86 = Debug|x86
		Release|Any CPU = Release|Any CPU
		Release|ARM = Release|ARM
		Release|iPhone = Release|iPhone
		Release|iPhoneSimulator = Release|iPhoneSimulator
		Release|x64 = Release|x64
		Release|x86 = Release|x86
	EndGlobalSection
	GlobalSection(ProjectConfigurationPlatforms) = postSolution
		{AA031AC6-C84B-4C2B-AA30-675E5053891B}.Ad-Hoc|Any CPU.ActiveCfg = Release|Any CPU
		{AA031AC6-C84B-4C2B-AA30-675E5053891B}.Ad-Hoc|Any CPU.Build.0 = Release|Any CPU
		{AA031AC6-C84B-4C2B-AA30-675E5053891B}.Ad-Hoc|Any CPU.Deploy.0 = Release|Any CPU
		{AA031AC6-C84B-4C2B-AA30-675E5053891B}.Ad-Hoc|ARM.ActiveCfg = Release|Any CPU
		{AA031AC6-C84B-4C2B-AA30-675E5053891B}.Ad-Hoc|ARM.Build.0 = Release|Any CPU
		{AA031AC6-C84B-4C2B-AA30-675E5053891B}.Ad-Hoc|ARM.Deploy.0 = Release|Any CPU
		{AA031AC6-C84B-4C2B-AA30-675E5053891B}.Ad-Hoc|iPhone.ActiveCfg = Release|Any CPU
		{AA031AC6-C84B-4C2B-AA30-675E5053891B}.Ad-Hoc|iPhone.Build.0 = Release|Any CPU
		{AA031AC6-C84B-4C2B-AA30-675E5053891B}.Ad-Hoc|iPhone.Deploy.0 = Release|Any CPU
		{AA031AC6-C84B-4C2B-AA30-675E5053891B}.Ad-Hoc|iPhoneSimulator.ActiveCfg = Release|Any CPU
		{AA031AC6-C84B-4C2B-AA30-675E5053891B}.Ad-Hoc|iPhoneSimulator.Build.0 = Release|Any CPU
		{AA031AC6-C84B-4C2B-AA30-675E5053891B}.Ad-Hoc|iPhoneSimulator.Deploy.0 = Release|Any CPU
		{AA031AC6-C84B-4C2B-AA30-675E5053891B}.Ad-Hoc|x64.ActiveCfg = Release|Any CPU
		{AA031AC6-C84B-4C2B-AA30-675E5053891B}.Ad-Hoc|x64.Build.0 = Release|Any CPU
		{AA031AC6-C84B-4C2B-AA30-675E5053891B}.Ad-Hoc|x64.Deploy.0 = Release|Any CPU
		{AA031AC6-C84B-4C2B-AA30-675E5053891B}.Ad-Hoc|x86.ActiveCfg = Release|Any CPU
		{AA031AC6-C84B-4C2B-AA30-675E5053891B}.Ad-Hoc|x86.Build.0 = Release|Any CPU
		{AA031AC6-C84B-4C2B-AA30-675E5053891B}.Ad-Hoc|x86.Deploy.0 = Release|Any CPU
		{AA031AC6-C84B-4C2B-AA30-675E5053891B}.AppStore|Any CPU.ActiveCfg = Release|Any CPU
		{AA031AC6-C84B-4C2B-AA30-675E5053891B}.AppStore|Any CPU.Build.0 = Release|Any CPU
		{AA031AC6-C84B-4C2B-AA30-675E5053891B}.AppStore|Any CPU.Deploy.0 = Release|Any CPU
		{AA031AC6-C84B-4C2B-AA30-675E5053891B}.AppStore|ARM.ActiveCfg = Release|Any CPU
		{AA031AC6-C84B-4C2B-AA30-675E5053891B}.AppStore|ARM.Build.0 = Release|Any CPU
		{AA031AC6-C84B-4C2B-AA30-675E5053891B}.AppStore|ARM.Deploy.0 = Release|Any CPU
		{AA031AC6-C84B-4C2B-AA30-675E5053891B}.AppStore|iPhone.ActiveCfg = Release|Any CPU
		{AA031AC6-C84B-4C2B-AA30-675E5053891B}.AppStore|iPhone.Build.0 = Release|Any CPU
		{AA031AC6-C84B-4C2B-AA30-675E5053891B}.AppStore|iPhone.Deploy.0 = Release|Any CPU
		{AA031AC6-C84B-4C2B-AA30-675E5053891B}.AppStore|iPhoneSimulator.ActiveCfg = Release|Any CPU
		{AA031AC6-C84B-4C2B-AA30-675E5053891B}.AppStore|iPhoneSimulator.Build.0 = Release|Any CPU
		{AA031AC6-C84B-4C2B-AA30-675E5053891B}.AppStore|iPhoneSimulator.Deploy.0 = Release|Any CPU
		{AA031AC6-C84B-4C2B-AA30-675E5053891B}.AppStore|x64.ActiveCfg = Release|Any CPU
		{AA031AC6-C84B-4C2B-AA30-675E5053891B}.AppStore|x64.Build.0 = Release|Any CPU
		{AA031AC6-C84B-4C2B-AA30-675E5053891B}.AppStore|x64.Deploy.0 = Release|Any CPU
		{AA031AC6-C84B-4C2B-AA30-675E5053891B}.AppStore|x86.ActiveCfg = Release|Any CPU
		{AA031AC6-C84B-4C2B-AA30-675E5053891B}.AppStore|x86.Build.0 = Release|Any CPU
		{AA031AC6-C84B-4C2B-AA30-675E5053891B}.AppStore|x86.Deploy.0 = Release|Any CPU
		{AA031AC6-C84B-4C2B-AA30-675E5053891B}.Debug|Any CPU.ActiveCfg = Debug|Any CPU
		{AA031AC6-C84B-4C2B-AA30-675E5053891B}.Debug|Any CPU.Build.0 = Debug|Any CPU
		{AA031AC6-C84B-4C2B-AA30-675E5053891B}.Debug|Any CPU.Deploy.0 = Debug|Any CPU
		{AA031AC6-C84B-4C2B-AA30-675E5053891B}.Debug|ARM.ActiveCfg = Debug|Any CPU
		{AA031AC6-C84B-4C2B-AA30-675E5053891B}.Debug|ARM.Build.0 = Debug|Any CPU
		{AA031AC6-C84B-4C2B-AA30-675E5053891B}.Debug|ARM.Deploy.0 = Debug|Any CPU
		{AA031AC6-C84B-4C2B-AA30-675E5053891B}.Debug|iPhone.ActiveCfg = Debug|Any CPU
		{AA031AC6-C84B-4C2B-AA30-675E5053891B}.Debug|iPhone.Build.0 = Debug|Any CPU
		{AA031AC6-C84B-4C2B-AA30-675E5053891B}.Debug|iPhone.Deploy.0 = Debug|Any CPU
		{AA031AC6-C84B-4C2B-AA30-675E5053891B}.Debug|iPhoneSimulator.ActiveCfg = Debug|Any CPU
		{AA031AC6-C84B-4C2B-AA30-675E5053891B}.Debug|iPhoneSimulator.Build.0 = Debug|Any CPU
		{AA031AC6-C84B-4C2B-AA30-675E5053891B}.Debug|iPhoneSimulator.Deploy.0 = Debug|Any CPU
		{AA031AC6-C84B-4C2B-AA30-675E5053891B}.Debug|x64.ActiveCfg = Debug|Any CPU
		{AA031AC6-C84B-4C2B-AA30-675E5053891B}.Debug|x64.Build.0 = Debug|Any CPU
		{AA031AC6-C84B-4C2B-AA30-675E5053891B}.Debug|x64.Deploy.0 = Debug|Any CPU
		{AA031AC6-C84B-4C2B-AA30-675E5053891B}.Debug|x86.ActiveCfg = Debug|Any CPU
		{AA031AC6-C84B-4C2B-AA30-675E5053891B}.Debug|x86.Build.0 = Debug|Any CPU
		{AA031AC6-C84B-4C2B-AA30-675E5053891B}.Debug|x86.Deploy.0 = Debug|Any CPU
		{AA031AC6-C84B-4C2B-AA30-675E5053891B}.Release|Any CPU.ActiveCfg = Release|Any CPU
		{AA031AC6-C84B-4C2B-AA30-675E5053891B}.Release|Any CPU.Build.0 = Release|Any CPU
		{AA031AC6-C84B-4C2B-AA30-675E5053891B}.Release|Any CPU.Deploy.0 = Release|Any CPU
		{AA031AC6-C84B-4C2B-AA30-675E5053891B}.Release|ARM.ActiveCfg = Release|Any CPU
		{AA031AC6-C84B-4C2B-AA30-675E5053891B}.Release|ARM.Build.0 = Release|Any CPU
		{AA031AC6-C84B-4C2B-AA30-675E5053891B}.Release|ARM.Deploy.0 = Release|Any CPU
		{AA031AC6-C84B-4C2B-AA30-675E5053891B}.Release|iPhone.ActiveCfg = Release|Any CPU
		{AA031AC6-C84B-4C2B-AA30-675E5053891B}.Release|iPhone.Build.0 = Release|Any CPU
		{AA031AC6-C84B-4C2B-AA30-675E5053891B}.Release|iPhone.Deploy.0 = Release|Any CPU
		{AA031AC6-C84B-4C2B-AA30-675E5053891B}.Release|iPhoneSimulator.ActiveCfg = Release|Any CPU
		{AA031AC6-C84B-4C2B-AA30-675E5053891B}.Release|iPhoneSimulator.Build.0 = Release|Any CPU
		{AA031AC6-C84B-4C2B-AA30-675E5053891B}.Release|iPhoneSimulator.Deploy.0 = Release|Any CPU
		{AA031AC6-C84B-4C2B-AA30-675E5053891B}.Release|x64.ActiveCfg = Release|Any CPU
		{AA031AC6-C84B-4C2B-AA30-675E5053891B}.Release|x64.Build.0 = Release|Any CPU
		{AA031AC6-C84B-4C2B-AA30-675E5053891B}.Release|x64.Deploy.0 = Release|Any CPU
		{AA031AC6-C84B-4C2B-AA30-675E5053891B}.Release|x86.ActiveCfg = Release|Any CPU
		{AA031AC6-C84B-4C2B-AA30-675E5053891B}.Release|x86.Build.0 = Release|Any CPU
		{AA031AC6-C84B-4C2B-AA30-675E5053891B}.Release|x86.Deploy.0 = Release|Any CPU
		{5DE0BBB3-782A-4393-B90C-0312185DBEC9}.Ad-Hoc|Any CPU.ActiveCfg = Ad-Hoc|iPhone
		{5DE0BBB3-782A-4393-B90C-0312185DBEC9}.Ad-Hoc|ARM.ActiveCfg = Ad-Hoc|iPhone
		{5DE0BBB3-782A-4393-B90C-0312185DBEC9}.Ad-Hoc|iPhone.ActiveCfg = Ad-Hoc|iPhone
		{5DE0BBB3-782A-4393-B90C-0312185DBEC9}.Ad-Hoc|iPhone.Build.0 = Ad-Hoc|iPhone
		{5DE0BBB3-782A-4393-B90C-0312185DBEC9}.Ad-Hoc|iPhoneSimulator.ActiveCfg = Ad-Hoc|iPhoneSimulator
		{5DE0BBB3-782A-4393-B90C-0312185DBEC9}.Ad-Hoc|iPhoneSimulator.Build.0 = Ad-Hoc|iPhoneSimulator
		{5DE0BBB3-782A-4393-B90C-0312185DBEC9}.Ad-Hoc|x64.ActiveCfg = Ad-Hoc|iPhone
		{5DE0BBB3-782A-4393-B90C-0312185DBEC9}.Ad-Hoc|x86.ActiveCfg = Ad-Hoc|iPhone
		{5DE0BBB3-782A-4393-B90C-0312185DBEC9}.AppStore|Any CPU.ActiveCfg = AppStore|iPhone
		{5DE0BBB3-782A-4393-B90C-0312185DBEC9}.AppStore|ARM.ActiveCfg = AppStore|iPhone
		{5DE0BBB3-782A-4393-B90C-0312185DBEC9}.AppStore|iPhone.ActiveCfg = AppStore|iPhone
		{5DE0BBB3-782A-4393-B90C-0312185DBEC9}.AppStore|iPhone.Build.0 = AppStore|iPhone
		{5DE0BBB3-782A-4393-B90C-0312185DBEC9}.AppStore|iPhoneSimulator.ActiveCfg = AppStore|iPhoneSimulator
		{5DE0BBB3-782A-4393-B90C-0312185DBEC9}.AppStore|iPhoneSimulator.Build.0 = AppStore|iPhoneSimulator
		{5DE0BBB3-782A-4393-B90C-0312185DBEC9}.AppStore|x64.ActiveCfg = AppStore|iPhone
		{5DE0BBB3-782A-4393-B90C-0312185DBEC9}.AppStore|x86.ActiveCfg = AppStore|iPhone
		{5DE0BBB3-782A-4393-B90C-0312185DBEC9}.Debug|Any CPU.ActiveCfg = Debug|iPhone
		{5DE0BBB3-782A-4393-B90C-0312185DBEC9}.Debug|ARM.ActiveCfg = Debug|iPhone
		{5DE0BBB3-782A-4393-B90C-0312185DBEC9}.Debug|iPhone.ActiveCfg = Debug|iPhone
		{5DE0BBB3-782A-4393-B90C-0312185DBEC9}.Debug|iPhone.Build.0 = Debug|iPhone
		{5DE0BBB3-782A-4393-B90C-0312185DBEC9}.Debug|iPhoneSimulator.ActiveCfg = Debug|iPhoneSimulator
		{5DE0BBB3-782A-4393-B90C-0312185DBEC9}.Debug|iPhoneSimulator.Build.0 = Debug|iPhoneSimulator
		{5DE0BBB3-782A-4393-B90C-0312185DBEC9}.Debug|x64.ActiveCfg = Debug|iPhone
		{5DE0BBB3-782A-4393-B90C-0312185DBEC9}.Debug|x86.ActiveCfg = Debug|iPhone
		{5DE0BBB3-782A-4393-B90C-0312185DBEC9}.Release|Any CPU.ActiveCfg = Release|iPhone
		{5DE0BBB3-782A-4393-B90C-0312185DBEC9}.Release|ARM.ActiveCfg = Release|iPhone
		{5DE0BBB3-782A-4393-B90C-0312185DBEC9}.Release|iPhone.ActiveCfg = Release|iPhone
		{5DE0BBB3-782A-4393-B90C-0312185DBEC9}.Release|iPhone.Build.0 = Release|iPhone
		{5DE0BBB3-782A-4393-B90C-0312185DBEC9}.Release|iPhoneSimulator.ActiveCfg = Release|iPhoneSimulator
		{5DE0BBB3-782A-4393-B90C-0312185DBEC9}.Release|iPhoneSimulator.Build.0 = Release|iPhoneSimulator
		{5DE0BBB3-782A-4393-B90C-0312185DBEC9}.Release|x64.ActiveCfg = Release|iPhone
		{5DE0BBB3-782A-4393-B90C-0312185DBEC9}.Release|x86.ActiveCfg = Release|iPhone
		{706F2A72-701A-4C7D-9290-7B51A05DFC11}.Ad-Hoc|Any CPU.ActiveCfg = Release|x86
		{706F2A72-701A-4C7D-9290-7B51A05DFC11}.Ad-Hoc|Any CPU.Build.0 = Release|x86
		{706F2A72-701A-4C7D-9290-7B51A05DFC11}.Ad-Hoc|Any CPU.Deploy.0 = Release|x86
		{706F2A72-701A-4C7D-9290-7B51A05DFC11}.Ad-Hoc|ARM.ActiveCfg = Release|ARM
		{706F2A72-701A-4C7D-9290-7B51A05DFC11}.Ad-Hoc|ARM.Build.0 = Release|ARM
		{706F2A72-701A-4C7D-9290-7B51A05DFC11}.Ad-Hoc|ARM.Deploy.0 = Release|ARM
		{706F2A72-701A-4C7D-9290-7B51A05DFC11}.Ad-Hoc|iPhone.ActiveCfg = Release|x86
		{706F2A72-701A-4C7D-9290-7B51A05DFC11}.Ad-Hoc|iPhone.Build.0 = Release|x86
		{706F2A72-701A-4C7D-9290-7B51A05DFC11}.Ad-Hoc|iPhone.Deploy.0 = Release|x86
		{706F2A72-701A-4C7D-9290-7B51A05DFC11}.Ad-Hoc|iPhoneSimulator.ActiveCfg = Release|x86
		{706F2A72-701A-4C7D-9290-7B51A05DFC11}.Ad-Hoc|iPhoneSimulator.Build.0 = Release|x86
		{706F2A72-701A-4C7D-9290-7B51A05DFC11}.Ad-Hoc|iPhoneSimulator.Deploy.0 = Release|x86
		{706F2A72-701A-4C7D-9290-7B51A05DFC11}.Ad-Hoc|x64.ActiveCfg = Release|x64
		{706F2A72-701A-4C7D-9290-7B51A05DFC11}.Ad-Hoc|x64.Build.0 = Release|x64
		{706F2A72-701A-4C7D-9290-7B51A05DFC11}.Ad-Hoc|x64.Deploy.0 = Release|x64
		{706F2A72-701A-4C7D-9290-7B51A05DFC11}.Ad-Hoc|x86.ActiveCfg = Release|x86
		{706F2A72-701A-4C7D-9290-7B51A05DFC11}.Ad-Hoc|x86.Build.0 = Release|x86
		{706F2A72-701A-4C7D-9290-7B51A05DFC11}.Ad-Hoc|x86.Deploy.0 = Release|x86
		{706F2A72-701A-4C7D-9290-7B51A05DFC11}.AppStore|Any CPU.ActiveCfg = Release|x86
		{706F2A72-701A-4C7D-9290-7B51A05DFC11}.AppStore|Any CPU.Build.0 = Release|x86
		{706F2A72-701A-4C7D-9290-7B51A05DFC11}.AppStore|Any CPU.Deploy.0 = Release|x86
		{706F2A72-701A-4C7D-9290-7B51A05DFC11}.AppStore|ARM.ActiveCfg = Release|ARM
		{706F2A72-701A-4C7D-9290-7B51A05DFC11}.AppStore|ARM.Build.0 = Release|ARM
		{706F2A72-701A-4C7D-9290-7B51A05DFC11}.AppStore|ARM.Deploy.0 = Release|ARM
		{706F2A72-701A-4C7D-9290-7B51A05DFC11}.AppStore|iPhone.ActiveCfg = Release|x86
		{706F2A72-701A-4C7D-9290-7B51A05DFC11}.AppStore|iPhone.Build.0 = Release|x86
		{706F2A72-701A-4C7D-9290-7B51A05DFC11}.AppStore|iPhone.Deploy.0 = Release|x86
		{706F2A72-701A-4C7D-9290-7B51A05DFC11}.AppStore|iPhoneSimulator.ActiveCfg = Release|x86
		{706F2A72-701A-4C7D-9290-7B51A05DFC11}.AppStore|iPhoneSimulator.Build.0 = Release|x86
		{706F2A72-701A-4C7D-9290-7B51A05DFC11}.AppStore|iPhoneSimulator.Deploy.0 = Release|x86
		{706F2A72-701A-4C7D-9290-7B51A05DFC11}.AppStore|x64.ActiveCfg = Release|x64
		{706F2A72-701A-4C7D-9290-7B51A05DFC11}.AppStore|x64.Build.0 = Release|x64
		{706F2A72-701A-4C7D-9290-7B51A05DFC11}.AppStore|x64.Deploy.0 = Release|x64
		{706F2A72-701A-4C7D-9290-7B51A05DFC11}.AppStore|x86.ActiveCfg = Release|x86
		{706F2A72-701A-4C7D-9290-7B51A05DFC11}.AppStore|x86.Build.0 = Release|x86
		{706F2A72-701A-4C7D-9290-7B51A05DFC11}.AppStore|x86.Deploy.0 = Release|x86
		{706F2A72-701A-4C7D-9290-7B51A05DFC11}.Debug|Any CPU.ActiveCfg = Debug|x86
		{706F2A72-701A-4C7D-9290-7B51A05DFC11}.Debug|ARM.ActiveCfg = Debug|ARM
		{706F2A72-701A-4C7D-9290-7B51A05DFC11}.Debug|ARM.Build.0 = Debug|ARM
		{706F2A72-701A-4C7D-9290-7B51A05DFC11}.Debug|ARM.Deploy.0 = Debug|ARM
		{706F2A72-701A-4C7D-9290-7B51A05DFC11}.Debug|iPhone.ActiveCfg = Debug|x86
		{706F2A72-701A-4C7D-9290-7B51A05DFC11}.Debug|iPhoneSimulator.ActiveCfg = Debug|x86
		{706F2A72-701A-4C7D-9290-7B51A05DFC11}.Debug|x64.ActiveCfg = Debug|x64
		{706F2A72-701A-4C7D-9290-7B51A05DFC11}.Debug|x64.Build.0 = Debug|x64
		{706F2A72-701A-4C7D-9290-7B51A05DFC11}.Debug|x64.Deploy.0 = Debug|x64
		{706F2A72-701A-4C7D-9290-7B51A05DFC11}.Debug|x86.ActiveCfg = Debug|x86
		{706F2A72-701A-4C7D-9290-7B51A05DFC11}.Debug|x86.Build.0 = Debug|x86
		{706F2A72-701A-4C7D-9290-7B51A05DFC11}.Debug|x86.Deploy.0 = Debug|x86
		{706F2A72-701A-4C7D-9290-7B51A05DFC11}.Release|Any CPU.ActiveCfg = Release|x86
		{706F2A72-701A-4C7D-9290-7B51A05DFC11}.Release|ARM.ActiveCfg = Release|ARM
		{706F2A72-701A-4C7D-9290-7B51A05DFC11}.Release|ARM.Build.0 = Release|ARM
		{706F2A72-701A-4C7D-9290-7B51A05DFC11}.Release|ARM.Deploy.0 = Release|ARM
		{706F2A72-701A-4C7D-9290-7B51A05DFC11}.Release|iPhone.ActiveCfg = Release|x86
		{706F2A72-701A-4C7D-9290-7B51A05DFC11}.Release|iPhoneSimulator.ActiveCfg = Release|x86
		{706F2A72-701A-4C7D-9290-7B51A05DFC11}.Release|x64.ActiveCfg = Release|x64
		{706F2A72-701A-4C7D-9290-7B51A05DFC11}.Release|x64.Build.0 = Release|x64
		{706F2A72-701A-4C7D-9290-7B51A05DFC11}.Release|x64.Deploy.0 = Release|x64
		{706F2A72-701A-4C7D-9290-7B51A05DFC11}.Release|x86.ActiveCfg = Release|x86
		{706F2A72-701A-4C7D-9290-7B51A05DFC11}.Release|x86.Build.0 = Release|x86
		{706F2A72-701A-4C7D-9290-7B51A05DFC11}.Release|x86.Deploy.0 = Release|x86
		{549DD834-0022-45FC-B889-54D73A6FF545}.Ad-Hoc|Any CPU.ActiveCfg = Debug|Any CPU
		{549DD834-0022-45FC-B889-54D73A6FF545}.Ad-Hoc|Any CPU.Build.0 = Debug|Any CPU
		{549DD834-0022-45FC-B889-54D73A6FF545}.Ad-Hoc|ARM.ActiveCfg = Debug|Any CPU
		{549DD834-0022-45FC-B889-54D73A6FF545}.Ad-Hoc|ARM.Build.0 = Debug|Any CPU
		{549DD834-0022-45FC-B889-54D73A6FF545}.Ad-Hoc|iPhone.ActiveCfg = Debug|Any CPU
		{549DD834-0022-45FC-B889-54D73A6FF545}.Ad-Hoc|iPhone.Build.0 = Debug|Any CPU
		{549DD834-0022-45FC-B889-54D73A6FF545}.Ad-Hoc|iPhoneSimulator.ActiveCfg = Debug|Any CPU
		{549DD834-0022-45FC-B889-54D73A6FF545}.Ad-Hoc|iPhoneSimulator.Build.0 = Debug|Any CPU
		{549DD834-0022-45FC-B889-54D73A6FF545}.Ad-Hoc|x64.ActiveCfg = Debug|Any CPU
		{549DD834-0022-45FC-B889-54D73A6FF545}.Ad-Hoc|x64.Build.0 = Debug|Any CPU
		{549DD834-0022-45FC-B889-54D73A6FF545}.Ad-Hoc|x86.ActiveCfg = Debug|Any CPU
		{549DD834-0022-45FC-B889-54D73A6FF545}.Ad-Hoc|x86.Build.0 = Debug|Any CPU
		{549DD834-0022-45FC-B889-54D73A6FF545}.AppStore|Any CPU.ActiveCfg = Debug|Any CPU
		{549DD834-0022-45FC-B889-54D73A6FF545}.AppStore|Any CPU.Build.0 = Debug|Any CPU
		{549DD834-0022-45FC-B889-54D73A6FF545}.AppStore|ARM.ActiveCfg = Debug|Any CPU
		{549DD834-0022-45FC-B889-54D73A6FF545}.AppStore|ARM.Build.0 = Debug|Any CPU
		{549DD834-0022-45FC-B889-54D73A6FF545}.AppStore|iPhone.ActiveCfg = Debug|Any CPU
		{549DD834-0022-45FC-B889-54D73A6FF545}.AppStore|iPhone.Build.0 = Debug|Any CPU
		{549DD834-0022-45FC-B889-54D73A6FF545}.AppStore|iPhoneSimulator.ActiveCfg = Debug|Any CPU
		{549DD834-0022-45FC-B889-54D73A6FF545}.AppStore|iPhoneSimulator.Build.0 = Debug|Any CPU
		{549DD834-0022-45FC-B889-54D73A6FF545}.AppStore|x64.ActiveCfg = Debug|Any CPU
		{549DD834-0022-45FC-B889-54D73A6FF545}.AppStore|x64.Build.0 = Debug|Any CPU
		{549DD834-0022-45FC-B889-54D73A6FF545}.AppStore|x86.ActiveCfg = Debug|Any CPU
		{549DD834-0022-45FC-B889-54D73A6FF545}.AppStore|x86.Build.0 = Debug|Any CPU
		{549DD834-0022-45FC-B889-54D73A6FF545}.Debug|Any CPU.ActiveCfg = Debug|Any CPU
		{549DD834-0022-45FC-B889-54D73A6FF545}.Debug|Any CPU.Build.0 = Debug|Any CPU
		{549DD834-0022-45FC-B889-54D73A6FF545}.Debug|ARM.ActiveCfg = Debug|Any CPU
		{549DD834-0022-45FC-B889-54D73A6FF545}.Debug|ARM.Build.0 = Debug|Any CPU
		{549DD834-0022-45FC-B889-54D73A6FF545}.Debug|iPhone.ActiveCfg = Debug|Any CPU
		{549DD834-0022-45FC-B889-54D73A6FF545}.Debug|iPhone.Build.0 = Debug|Any CPU
		{549DD834-0022-45FC-B889-54D73A6FF545}.Debug|iPhoneSimulator.ActiveCfg = Debug|Any CPU
		{549DD834-0022-45FC-B889-54D73A6FF545}.Debug|iPhoneSimulator.Build.0 = Debug|Any CPU
		{549DD834-0022-45FC-B889-54D73A6FF545}.Debug|x64.ActiveCfg = Debug|Any CPU
		{549DD834-0022-45FC-B889-54D73A6FF545}.Debug|x64.Build.0 = Debug|Any CPU
		{549DD834-0022-45FC-B889-54D73A6FF545}.Debug|x86.ActiveCfg = Debug|Any CPU
		{549DD834-0022-45FC-B889-54D73A6FF545}.Debug|x86.Build.0 = Debug|Any CPU
		{549DD834-0022-45FC-B889-54D73A6FF545}.Release|Any CPU.ActiveCfg = Release|Any CPU
		{549DD834-0022-45FC-B889-54D73A6FF545}.Release|Any CPU.Build.0 = Release|Any CPU
		{549DD834-0022-45FC-B889-54D73A6FF545}.Release|ARM.ActiveCfg = Release|Any CPU
		{549DD834-0022-45FC-B889-54D73A6FF545}.Release|ARM.Build.0 = Release|Any CPU
		{549DD834-0022-45FC-B889-54D73A6FF545}.Release|iPhone.ActiveCfg = Release|Any CPU
		{549DD834-0022-45FC-B889-54D73A6FF545}.Release|iPhone.Build.0 = Release|Any CPU
		{549DD834-0022-45FC-B889-54D73A6FF545}.Release|iPhoneSimulator.ActiveCfg = Release|Any CPU
		{549DD834-0022-45FC-B889-54D73A6FF545}.Release|iPhoneSimulator.Build.0 = Release|Any CPU
		{549DD834-0022-45FC-B889-54D73A6FF545}.Release|x64.ActiveCfg = Release|Any CPU
		{549DD834-0022-45FC-B889-54D73A6FF545}.Release|x64.Build.0 = Release|Any CPU
		{549DD834-0022-45FC-B889-54D73A6FF545}.Release|x86.ActiveCfg = Release|Any CPU
		{549DD834-0022-45FC-B889-54D73A6FF545}.Release|x86.Build.0 = Release|Any CPU
	EndGlobalSection
	GlobalSection(SolutionProperties) = preSolution
		HideSolutionNode = FALSE
	EndGlobalSection
	GlobalSection(ExtensibilityGlobals) = postSolution
		SolutionGuid = {5725DE09-C49C-4E01-BC4E-C1D52F3B88A9}
	EndGlobalSection
EndGlobal
